
Microsoft Visual Studio Solution File, Format Version 12.00
# Visual Studio Version 17
VisualStudioVersion = 17.5.002.0
MinimumVisualStudioVersion = 10.0.40219.1
Project("{9A19103F-16F7-4668-BE54-9A1E7A4F7556}") = "ExercicioTres", "ExercicioTres.csproj", "{73158AA5-884A-4D44-8857-3B9E669C824E}"
EndProject
Global
	GlobalSection(SolutionConfigurationPlatforms) = preSolution
		Debug|Any CPU = Debug|Any CPU
		Release|Any CPU = Release|Any CPU
	EndGlobalSection
	GlobalSection(ProjectConfigurationPlatforms) = postSolution
		{73158AA5-884A-4D44-8857-3B9E669C824E}.Debug|Any CPU.ActiveCfg = Debug|Any CPU
		{73158AA5-884A-4D44-8857-3B9E669C824E}.Debug|Any CPU.Build.0 = Debug|Any CPU
		{73158AA5-884A-4D44-8857-3B9E669C824E}.Release|Any CPU.ActiveCfg = Release|Any CPU
		{73158AA5-884A-4D44-8857-3B9E669C824E}.Release|Any CPU.Build.0 = Release|Any CPU
	EndGlobalSection
	GlobalSection(SolutionProperties) = preSolution
		HideSolutionNode = FALSE
	EndGlobalSection
	GlobalSection(ExtensibilityGlobals) = postSolution
		SolutionGuid = {6868D56E-C33F-451C-B020-DC11C9AAE770}
	EndGlobalSection
EndGlobal
